
Microsoft Visual Studio Solution File, Format Version 12.00
# Visual Studio Version 17
VisualStudioVersion = 17.14.36518.9
MinimumVisualStudioVersion = 10.0.40219.1
Project("{FAE04EC0-301F-11D3-BF4B-00C04F79EFBC}") = "SchemaFlow.WebAPI", "CMaaS.Backend\SchemaFlow.WebAPI.csproj", "{F213F8B1-A5BE-4740-B875-6070AA376187}"
EndProject
Project("{FAE04EC0-301F-11D3-BF4B-00C04F79EFBC}") = "SchemaFlow.Domain", "SchemaFlow.Domain\SchemaFlow.Domain.csproj", "{606090CD-5E14-4EC7-AD75-C95D027EA71F}"
EndProject
Project("{FAE04EC0-301F-11D3-BF4B-00C04F79EFBC}") = "SchemaFlow.Application", "SchemaFlow.Application\SchemaFlow.Application.csproj", "{64A7B83B-39E9-4E1F-B234-1227B0DA6EC0}"
EndProject
Project("{FAE04EC0-301F-11D3-BF4B-00C04F79EFBC}") = "SchemaFlow.Infrastructure", "SchemaFlow.Infrastructure\SchemaFlow.Infrastructure.csproj", "{C9D408C0-7581-4B92-96E4-63B4AAF9BB6A}"
EndProject
Global
	GlobalSection(SolutionConfigurationPlatforms) = preSolution
		Debug|Any CPU = Debug|Any CPU
		Release|Any CPU = Release|Any CPU
	EndGlobalSection
	GlobalSection(ProjectConfigurationPlatforms) = postSolution
		{F213F8B1-A5BE-4740-B875-6070AA376187}.Debug|Any CPU.ActiveCfg = Debug|Any CPU
		{F213F8B1-A5BE-4740-B875-6070AA376187}.Debug|Any CPU.Build.0 = Debug|Any CPU
		{F213F8B1-A5BE-4740-B875-6070AA376187}.Release|Any CPU.ActiveCfg = Release|Any CPU
		{F213F8B1-A5BE-4740-B875-6070AA376187}.Release|Any CPU.Build.0 = Release|Any CPU
		{606090CD-5E14-4EC7-AD75-C95D027EA71F}.Debug|Any CPU.ActiveCfg = Debug|Any CPU
		{606090CD-5E14-4EC7-AD75-C95D027EA71F}.Debug|Any CPU.Build.0 = Debug|Any CPU
		{606090CD-5E14-4EC7-AD75-C95D027EA71F}.Release|Any CPU.ActiveCfg = Release|Any CPU
		{606090CD-5E14-4EC7-AD75-C95D027EA71F}.Release|Any CPU.Build.0 = Release|Any CPU
		{64A7B83B-39E9-4E1F-B234-1227B0DA6EC0}.Debug|Any CPU.ActiveCfg = Debug|Any CPU
		{64A7B83B-39E9-4E1F-B234-1227B0DA6EC0}.Debug|Any CPU.Build.0 = Debug|Any CPU
		{64A7B83B-39E9-4E1F-B234-1227B0DA6EC0}.Release|Any CPU.ActiveCfg = Release|Any CPU
		{64A7B83B-39E9-4E1F-B234-1227B0DA6EC0}.Release|Any CPU.Build.0 = Release|Any CPU
		{C9D408C0-7581-4B92-96E4-63B4AAF9BB6A}.Debug|Any CPU.ActiveCfg = Debug|Any CPU
		{C9D408C0-7581-4B92-96E4-63B4AAF9BB6A}.Debug|Any CPU.Build.0 = Debug|Any CPU
		{C9D408C0-7581-4B92-96E4-63B4AAF9BB6A}.Release|Any CPU.ActiveCfg = Release|Any CPU
		{C9D408C0-7581-4B92-96E4-63B4AAF9BB6A}.Release|Any CPU.Build.0 = Release|Any CPU
	EndGlobalSection
	GlobalSection(SolutionProperties) = preSolution
		HideSolutionNode = FALSE
	EndGlobalSection
	GlobalSection(ExtensibilityGlobals) = postSolution
		SolutionGuid = {7A37253B-905E-4CBE-B4D8-E79A354DBB43}
	EndGlobalSection
EndGlobal
